<Solution>
  <Folder Name="/src/">
    <Project Path="src/CertificateRequests.API/CertificateRequests.API.csproj" />
    <Project Path="src/CertificateRequests.Application/CertificateRequests.Application.csproj" />
    <Project Path="src/CertificateRequests.Domain/CertificateRequests.Domain.csproj" />
    <Project Path="src/CertificateRequests.Infrastructure/CertificateRequests.Infrastructure.csproj" />
  </Folder>
</Solution>
